
Microsoft Visual Studio Solution File, Format Version 12.00
# Visual Studio Version 17
VisualStudioVersion = 17.1.32319.34
MinimumVisualStudioVersion = 10.0.40219.1
Project("{2150E333-8FDC-42A3-9474-1A3956D46DE8}") = "UI", "UI", "{E9AE8038-D3EB-4334-A724-0631251DDE0A}"
EndProject
Project("{2150E333-8FDC-42A3-9474-1A3956D46DE8}") = "Library", "Library", "{34118D1B-718A-4E4B-988E-55BA8C00754E}"
EndProject
Project("{2150E333-8FDC-42A3-9474-1A3956D46DE8}") = "Core", "Core", "{EB6F9B7C-93B3-4E9A-B95A-3B5DA4EA95EF}"
EndProject
Project("{9A19103F-16F7-4668-BE54-9A1E7A4F7556}") = "WEA.Core", "WEA.Core\WEA.Core.csproj", "{0D4C8A92-F48B-4C5B-B1D8-4F9FF29E831C}"
EndProject
Project("{9A19103F-16F7-4668-BE54-9A1E7A4F7556}") = "WEA_DEV", "WEA_DEV\WEA_DEV.csproj", "{FD9635E5-D48B-423A-AB67-BA75A5575F00}"
EndProject
Project("{9A19103F-16F7-4668-BE54-9A1E7A4F7556}") = "WEA.Persistance", "WEA.Persistance\WEA.Persistance.csproj", "{71BE36A3-26AD-4461-8F5B-E3728581FFFB}"
EndProject
Project("{2150E333-8FDC-42A3-9474-1A3956D46DE8}") = "Modules", "Modules", "{FEEDAEF6-7C6D-47E5-B2C6-E36391BD12BE}"
EndProject
Project("{2150E333-8FDC-42A3-9474-1A3956D46DE8}") = "Authentication", "Authentication", "{B6D395AB-5EE7-4B5E-9751-7AB0BA33F032}"
EndProject
Project("{2150E333-8FDC-42A3-9474-1A3956D46DE8}") = "Admin", "Admin", "{950A3566-C2E5-4130-9B9D-AE82A1F4F451}"
EndProject
Project("{2150E333-8FDC-42A3-9474-1A3956D46DE8}") = "NGO", "NGO", "{19112C28-DC5B-4A1C-B28F-2760A73DCB0E}"
EndProject
Project("{2150E333-8FDC-42A3-9474-1A3956D46DE8}") = "User", "User", "{CAB08EB0-4CB2-4720-AC1B-1525413E07D2}"
EndProject
Project("{2150E333-8FDC-42A3-9474-1A3956D46DE8}") = "AccountCreation", "AccountCreation", "{37B30E5C-CC11-4F04-8222-BCBEE1F220F7}"
EndProject
Project("{9A19103F-16F7-4668-BE54-9A1E7A4F7556}") = "WEA.AccountCreation.Collabaration.Abstraction", "WEA.AccountCreation.Collabaration.Abstraction\WEA.AccountCreation.Collabaration.Abstraction.csproj", "{625E48E6-B15A-444A-B912-70C4940BDB51}"
EndProject
Project("{9A19103F-16F7-4668-BE54-9A1E7A4F7556}") = "WEA.AccountCreation.Collabaration.Realization", "WEA.AccountCreation.Collabaration.Realization\WEA.AccountCreation.Collabaration.Realization.csproj", "{A87FD459-4021-4232-B4EB-0CDFA1DF495B}"
EndProject
Project("{9A19103F-16F7-4668-BE54-9A1E7A4F7556}") = "WEA.AccountCreation.Gateway.Abstraction", "WEA.AccountCreation.Gateway.Abstraction\WEA.AccountCreation.Gateway.Abstraction.csproj", "{5845D9BA-05E5-46A4-97C8-6B82D3DA3927}"
EndProject
Project("{9A19103F-16F7-4668-BE54-9A1E7A4F7556}") = "WEA.AccountCreation.Gateway.Realization", "WEA.AccountCreation.Gateway.Realization\WEA.AccountCreation.Gateway.Realization.csproj", "{B86CD634-42DC-4D52-85DF-1A7CA298376A}"
EndProject
Project("{9A19103F-16F7-4668-BE54-9A1E7A4F7556}") = "WEA.AuthenticationPersistance.Collabration.Abstraction", "WEA.AuthenticationPersistance.Collabration.Abstraction\WEA.AuthenticationPersistance.Collabration.Abstraction.csproj", "{D904118B-BAE8-46D0-B12A-E1C8E9CE3B77}"
EndProject
Project("{9A19103F-16F7-4668-BE54-9A1E7A4F7556}") = "WEA.AuthenticationPersistance.Collabration.Realization", "WEA.AuthenticationPersistance.Collabration.Realization\WEA.AuthenticationPersistance.Collabration.Realization.csproj", "{97A472D4-ECB8-442E-B8BD-A5E7B121B134}"
EndProject
Project("{9A19103F-16F7-4668-BE54-9A1E7A4F7556}") = "WEA.AuthenticationPersistance.Gateway.Abstraction", "WEA.AuthenticationPersistance.Gateway.Abstraction\WEA.AuthenticationPersistance.Gateway.Abstraction.csproj", "{4C2C89AE-BA75-4C08-AF9C-3280D9236B20}"
EndProject
Project("{9A19103F-16F7-4668-BE54-9A1E7A4F7556}") = "WEA.AuthenticationPersistance.Gateway.Realization", "WEA.AuthenticationPersistance.Gateway.Realization\WEA.AuthenticationPersistance.Gateway.Realization.csproj", "{C2BC385F-61A1-47F3-983E-722203D0F03E}"
EndProject
Project("{2150E333-8FDC-42A3-9474-1A3956D46DE8}") = "ProfileCreation", "ProfileCreation", "{4C5D935E-2977-4E27-AA23-074FE25A9231}"
EndProject
Project("{2150E333-8FDC-42A3-9474-1A3956D46DE8}") = "CourseCreation", "CourseCreation", "{E8D87DBA-3073-4ADB-9D02-1009F0CC19DC}"
EndProject
Project("{9A19103F-16F7-4668-BE54-9A1E7A4F7556}") = "WEA.Profile.Collabaration.Abstraction", "WEA.Profile.Collabaration.Abstraction\WEA.Profile.Collabaration.Abstraction.csproj", "{40D511E9-67FF-43E7-BB33-949E7DFCED30}"
EndProject
Project("{9A19103F-16F7-4668-BE54-9A1E7A4F7556}") = "WEA.Profile.Collabaration.Realization", "WEA.Profile.Collabaration.Realization\WEA.Profile.Collabaration.Realization.csproj", "{6E2EA1D6-E3FA-4B44-88F3-4F9EC4E48B79}"
EndProject
Project("{9A19103F-16F7-4668-BE54-9A1E7A4F7556}") = "WEA.Profile.Gateway.Abstraction", "WEA.Profile.Gateway.Abstraction\WEA.Profile.Gateway.Abstraction.csproj", "{20DB50F4-0D32-4319-8238-DA4C34E35B0F}"
EndProject
Project("{9A19103F-16F7-4668-BE54-9A1E7A4F7556}") = "WEA.Profile.Gateway.Realization", "WEA.Profile.Gateway.Realization\WEA.Profile.Gateway.Realization.csproj", "{50BED756-32EB-49D9-8C82-7D974AB8AB01}"
EndProject
Project("{9A19103F-16F7-4668-BE54-9A1E7A4F7556}") = "WEA.CoursePersistance.Collabaration.Abstraction", "WEA.CoursePersistance.Collabaration.Abstraction\WEA.CoursePersistance.Collabaration.Abstraction.csproj", "{1E1BFAA3-4E70-440A-A391-DA1C74F75274}"
EndProject
Project("{9A19103F-16F7-4668-BE54-9A1E7A4F7556}") = "WEA.CoursePersistance.Collabaration.Realization", "WEA.CoursePersistance.Collabaration.Realization\WEA.CoursePersistance.Collabaration.Realization.csproj", "{5D799F65-5ABE-4282-B343-2970DBB4C3BC}"
EndProject
Project("{9A19103F-16F7-4668-BE54-9A1E7A4F7556}") = "WEA.CoursePersistance.Gateway.Abstraction", "WEA.CoursePersistance.Gateway.Abstraction\WEA.CoursePersistance.Gateway.Abstraction.csproj", "{4444FB8E-80F1-4816-93E8-65CAA7D1B6AF}"
EndProject
Project("{9A19103F-16F7-4668-BE54-9A1E7A4F7556}") = "WEA.CoursePersistance.Gateway.Realization", "WEA.CoursePersistance.Gateway.Realization\WEA.CoursePersistance.Gateway.Realization.csproj", "{D751A81C-9CA1-4092-9BEE-4ADAE0BBA9C3}"
EndProject
Project("{2150E333-8FDC-42A3-9474-1A3956D46DE8}") = "FAQ", "FAQ", "{0AF6CEC3-3E17-4CE8-A156-3615423D0FE1}"
EndProject
Project("{9A19103F-16F7-4668-BE54-9A1E7A4F7556}") = "WEA.FAQServices.Collabration.Abstraction", "WEA.FAQServices.Collabration.Abstraction\WEA.FAQServices.Collabration.Abstraction.csproj", "{FED59258-BB62-4574-B86C-EF7CF5C396F6}"
EndProject
Project("{9A19103F-16F7-4668-BE54-9A1E7A4F7556}") = "WEA.FAQServices.Collabration.Realization", "WEA.FAQServices.Collabration.Realization\WEA.FAQServices.Collabration.Realization.csproj", "{031A49AB-2093-440F-883B-3A3F43541E2C}"
EndProject
Project("{9A19103F-16F7-4668-BE54-9A1E7A4F7556}") = "WEA.FAQServices.Gateway.Abstraction", "WEA.FAQServices.Gateway.Abstraction\WEA.FAQServices.Gateway.Abstraction.csproj", "{1961151E-F8FE-4A97-87AB-9BAF76C30537}"
EndProject
Project("{9A19103F-16F7-4668-BE54-9A1E7A4F7556}") = "WEA.FAQServices.Gateway.Realization", "WEA.FAQServices.Gateway.Realization\WEA.FAQServices.Gateway.Realization.csproj", "{288EB1BA-21E0-45FF-8951-2A22F648911F}"
EndProject
Project("{2150E333-8FDC-42A3-9474-1A3956D46DE8}") = "Course", "Course", "{72C9A7A0-C447-4C75-89FE-C48DFC049B0B}"
EndProject
Project("{2150E333-8FDC-42A3-9474-1A3956D46DE8}") = "Financial", "Financial", "{47CAC15A-0F13-4FF1-B4AD-F0913F558A73}"
EndProject
Project("{9A19103F-16F7-4668-BE54-9A1E7A4F7556}") = "WEA.FinanceAccount.Collabration.Abstraction", "WEA.FinanceAccount.Collabration.Abstraction\WEA.FinanceAccount.Collabration.Abstraction.csproj", "{A3B92420-49C9-4187-B783-6066A6F24CAC}"
EndProject
Project("{9A19103F-16F7-4668-BE54-9A1E7A4F7556}") = "WEA.FinanceAccount.Collabration.Realization", "WEA.FinanceAccount.Collabration.Realization\WEA.FinanceAccount.Collabration.Realization.csproj", "{07AB81C6-5049-4AE1-98D8-58CF0A79B99D}"
EndProject
Project("{9A19103F-16F7-4668-BE54-9A1E7A4F7556}") = "WEA.FinanceAccount.Gateway.Abstraction", "WEA.FinanceAccount.Gateway.Abstraction\WEA.FinanceAccount.Gateway.Abstraction.csproj", "{62C0E750-32F0-483A-82FB-484BB7907B8F}"
EndProject
Project("{9A19103F-16F7-4668-BE54-9A1E7A4F7556}") = "WEA.CourseFilter.Collabration.Abstraction", "WEA.CourseFilter.Collabration.Abstraction\WEA.CourseFilter.Collabration.Abstraction.csproj", "{07961506-A8F9-4571-BD79-F0192E127874}"
EndProject
Project("{9A19103F-16F7-4668-BE54-9A1E7A4F7556}") = "WEA.CourseFilter.Collabration.Realization", "WEA.CourseFilter.Collabration.Realization\WEA.CourseFilter.Collabration.Realization.csproj", "{C75CDF77-E132-4E6D-A51A-DC3F44EE870F}"
EndProject
Project("{9A19103F-16F7-4668-BE54-9A1E7A4F7556}") = "WEA.CourseFilter.Gateway.Abstraction", "WEA.CourseFilter.Gateway.Abstraction\WEA.CourseFilter.Gateway.Abstraction.csproj", "{D7CA3666-6FC0-43A6-AAA1-65B70E8E74EE}"
EndProject
Project("{9A19103F-16F7-4668-BE54-9A1E7A4F7556}") = "WEA.CourseFilter.Gateway.Realization", "WEA.CourseFilter.Gateway.Realization\WEA.CourseFilter.Gateway.Realization.csproj", "{F36DA023-BD5D-488C-B880-4D561C656A34}"
EndProject
Project("{9A19103F-16F7-4668-BE54-9A1E7A4F7556}") = "WEA.Financial.Account.Gateway.Repository", "WEA.Financial.Account.Gateway.Repository\WEA.Financial.Account.Gateway.Repository.csproj", "{EA8CEFED-4E30-45E9-94A8-5490C1793F1C}"
EndProject
Project("{2150E333-8FDC-42A3-9474-1A3956D46DE8}") = "AuthorisedNGO", "AuthorisedNGO", "{78F68404-0FA5-4800-A0F9-9D073E46A3A0}"
EndProject
Project("{9A19103F-16F7-4668-BE54-9A1E7A4F7556}") = "WEA.AuthorisedNGO.Collabration.Abstraction", "WEA.AuthorisedNGO.Collabration.Abstraction\WEA.AuthorisedNGO.Collabration.Abstraction.csproj", "{3E4D2255-34D0-4D85-B6A2-0BBE6ED905D2}"
EndProject
Project("{9A19103F-16F7-4668-BE54-9A1E7A4F7556}") = "WEA.AuthorisedNGO.Collabration.Realization", "WEA.AuthorisedNGO.Collabration.Realization\WEA.AuthorisedNGO.Collabration.Realization.csproj", "{CC7BDD01-2DBE-4E47-8227-B8EC357961CD}"
EndProject
Project("{9A19103F-16F7-4668-BE54-9A1E7A4F7556}") = "WEA.AuthorisedNGO.Gateway.Abstraction", "WEA.AuthorisedNGO.Gateway.Abstraction\WEA.AuthorisedNGO.Gateway.Abstraction.csproj", "{878AF6A7-DADE-43B5-BA2E-84EB33588F03}"
EndProject
Project("{9A19103F-16F7-4668-BE54-9A1E7A4F7556}") = "WEA.AuthorisedNGO.Gateway.Realization", "WEA.AuthorisedNGO.Gateway.Realization\WEA.AuthorisedNGO.Gateway.Realization.csproj", "{AC5B4E73-9939-43BF-93EA-277F4D72E92D}"
EndProject
Project("{2150E333-8FDC-42A3-9474-1A3956D46DE8}") = "AuthorisedUser", "AuthorisedUser", "{C509C853-6D91-4677-BC8D-A5067E717069}"
EndProject
Project("{FAE04EC0-301F-11D3-BF4B-00C04F79EFBC}") = "WEA.AuthorisedUser.Collabration.Abstraction", "WEA.AuthorisedUser.Collabration.Abstraction\WEA.AuthorisedUser.Collabration.Abstraction.csproj", "{C64E0DD9-5F0D-4777-872E-F33925264FE7}"
EndProject
Project("{FAE04EC0-301F-11D3-BF4B-00C04F79EFBC}") = "WEA.AuthorisedUser.Collabration.Realization", "WEA.AuthorisedUser.Collabration.Realization\WEA.AuthorisedUser.Collabration.Realization.csproj", "{F6852FBB-8E6A-4818-8FC0-974E2C0E4DED}"
EndProject
Project("{FAE04EC0-301F-11D3-BF4B-00C04F79EFBC}") = "WEA.AuthorisedUser.Gateway.Abstraction", "WEA.AuthorisedUser.Gateway.Abstraction\WEA.AuthorisedUser.Gateway.Abstraction.csproj", "{62A2EB8E-BEF8-48BB-9BFD-3B5F58102D43}"
EndProject
Project("{FAE04EC0-301F-11D3-BF4B-00C04F79EFBC}") = "WEA.AuthorisedUsersFilter.Gateway.Realization", "WEA.AuthorisedUsersFilter.Gateway.Realization\WEA.AuthorisedUsersFilter.Gateway.Realization.csproj", "{ABC9E621-9679-4C01-B2C1-347563A69C2B}"
EndProject
Global
	GlobalSection(SolutionConfigurationPlatforms) = preSolution
		Debug|Any CPU = Debug|Any CPU
		Release|Any CPU = Release|Any CPU
	EndGlobalSection
	GlobalSection(ProjectConfigurationPlatforms) = postSolution
		{0D4C8A92-F48B-4C5B-B1D8-4F9FF29E831C}.Debug|Any CPU.ActiveCfg = Debug|Any CPU
		{0D4C8A92-F48B-4C5B-B1D8-4F9FF29E831C}.Debug|Any CPU.Build.0 = Debug|Any CPU
		{0D4C8A92-F48B-4C5B-B1D8-4F9FF29E831C}.Release|Any CPU.ActiveCfg = Release|Any CPU
		{0D4C8A92-F48B-4C5B-B1D8-4F9FF29E831C}.Release|Any CPU.Build.0 = Release|Any CPU
		{FD9635E5-D48B-423A-AB67-BA75A5575F00}.Debug|Any CPU.ActiveCfg = Debug|Any CPU
		{FD9635E5-D48B-423A-AB67-BA75A5575F00}.Debug|Any CPU.Build.0 = Debug|Any CPU
		{FD9635E5-D48B-423A-AB67-BA75A5575F00}.Release|Any CPU.ActiveCfg = Release|Any CPU
		{FD9635E5-D48B-423A-AB67-BA75A5575F00}.Release|Any CPU.Build.0 = Release|Any CPU
		{71BE36A3-26AD-4461-8F5B-E3728581FFFB}.Debug|Any CPU.ActiveCfg = Debug|Any CPU
		{71BE36A3-26AD-4461-8F5B-E3728581FFFB}.Debug|Any CPU.Build.0 = Debug|Any CPU
		{71BE36A3-26AD-4461-8F5B-E3728581FFFB}.Release|Any CPU.ActiveCfg = Release|Any CPU
		{71BE36A3-26AD-4461-8F5B-E3728581FFFB}.Release|Any CPU.Build.0 = Release|Any CPU
		{625E48E6-B15A-444A-B912-70C4940BDB51}.Debug|Any CPU.ActiveCfg = Debug|Any CPU
		{625E48E6-B15A-444A-B912-70C4940BDB51}.Debug|Any CPU.Build.0 = Debug|Any CPU
		{625E48E6-B15A-444A-B912-70C4940BDB51}.Release|Any CPU.ActiveCfg = Release|Any CPU
		{625E48E6-B15A-444A-B912-70C4940BDB51}.Release|Any CPU.Build.0 = Release|Any CPU
		{A87FD459-4021-4232-B4EB-0CDFA1DF495B}.Debug|Any CPU.ActiveCfg = Debug|Any CPU
		{A87FD459-4021-4232-B4EB-0CDFA1DF495B}.Debug|Any CPU.Build.0 = Debug|Any CPU
		{A87FD459-4021-4232-B4EB-0CDFA1DF495B}.Release|Any CPU.ActiveCfg = Release|Any CPU
		{A87FD459-4021-4232-B4EB-0CDFA1DF495B}.Release|Any CPU.Build.0 = Release|Any CPU
		{5845D9BA-05E5-46A4-97C8-6B82D3DA3927}.Debug|Any CPU.ActiveCfg = Debug|Any CPU
		{5845D9BA-05E5-46A4-97C8-6B82D3DA3927}.Debug|Any CPU.Build.0 = Debug|Any CPU
		{5845D9BA-05E5-46A4-97C8-6B82D3DA3927}.Release|Any CPU.ActiveCfg = Release|Any CPU
		{5845D9BA-05E5-46A4-97C8-6B82D3DA3927}.Release|Any CPU.Build.0 = Release|Any CPU
		{B86CD634-42DC-4D52-85DF-1A7CA298376A}.Debug|Any CPU.ActiveCfg = Debug|Any CPU
		{B86CD634-42DC-4D52-85DF-1A7CA298376A}.Debug|Any CPU.Build.0 = Debug|Any CPU
		{B86CD634-42DC-4D52-85DF-1A7CA298376A}.Release|Any CPU.ActiveCfg = Release|Any CPU
		{B86CD634-42DC-4D52-85DF-1A7CA298376A}.Release|Any CPU.Build.0 = Release|Any CPU
		{D904118B-BAE8-46D0-B12A-E1C8E9CE3B77}.Debug|Any CPU.ActiveCfg = Debug|Any CPU
		{D904118B-BAE8-46D0-B12A-E1C8E9CE3B77}.Debug|Any CPU.Build.0 = Debug|Any CPU
		{D904118B-BAE8-46D0-B12A-E1C8E9CE3B77}.Release|Any CPU.ActiveCfg = Release|Any CPU
		{D904118B-BAE8-46D0-B12A-E1C8E9CE3B77}.Release|Any CPU.Build.0 = Release|Any CPU
		{97A472D4-ECB8-442E-B8BD-A5E7B121B134}.Debug|Any CPU.ActiveCfg = Debug|Any CPU
		{97A472D4-ECB8-442E-B8BD-A5E7B121B134}.Debug|Any CPU.Build.0 = Debug|Any CPU
		{97A472D4-ECB8-442E-B8BD-A5E7B121B134}.Release|Any CPU.ActiveCfg = Release|Any CPU
		{97A472D4-ECB8-442E-B8BD-A5E7B121B134}.Release|Any CPU.Build.0 = Release|Any CPU
		{4C2C89AE-BA75-4C08-AF9C-3280D9236B20}.Debug|Any CPU.ActiveCfg = Debug|Any CPU
		{4C2C89AE-BA75-4C08-AF9C-3280D9236B20}.Debug|Any CPU.Build.0 = Debug|Any CPU
		{4C2C89AE-BA75-4C08-AF9C-3280D9236B20}.Release|Any CPU.ActiveCfg = Release|Any CPU
		{4C2C89AE-BA75-4C08-AF9C-3280D9236B20}.Release|Any CPU.Build.0 = Release|Any CPU
		{C2BC385F-61A1-47F3-983E-722203D0F03E}.Debug|Any CPU.ActiveCfg = Debug|Any CPU
		{C2BC385F-61A1-47F3-983E-722203D0F03E}.Debug|Any CPU.Build.0 = Debug|Any CPU
		{C2BC385F-61A1-47F3-983E-722203D0F03E}.Release|Any CPU.ActiveCfg = Release|Any CPU
		{C2BC385F-61A1-47F3-983E-722203D0F03E}.Release|Any CPU.Build.0 = Release|Any CPU
		{40D511E9-67FF-43E7-BB33-949E7DFCED30}.Debug|Any CPU.ActiveCfg = Debug|Any CPU
		{40D511E9-67FF-43E7-BB33-949E7DFCED30}.Debug|Any CPU.Build.0 = Debug|Any CPU
		{40D511E9-67FF-43E7-BB33-949E7DFCED30}.Release|Any CPU.ActiveCfg = Release|Any CPU
		{40D511E9-67FF-43E7-BB33-949E7DFCED30}.Release|Any CPU.Build.0 = Release|Any CPU
		{6E2EA1D6-E3FA-4B44-88F3-4F9EC4E48B79}.Debug|Any CPU.ActiveCfg = Debug|Any CPU
		{6E2EA1D6-E3FA-4B44-88F3-4F9EC4E48B79}.Debug|Any CPU.Build.0 = Debug|Any CPU
		{6E2EA1D6-E3FA-4B44-88F3-4F9EC4E48B79}.Release|Any CPU.ActiveCfg = Release|Any CPU
		{6E2EA1D6-E3FA-4B44-88F3-4F9EC4E48B79}.Release|Any CPU.Build.0 = Release|Any CPU
		{20DB50F4-0D32-4319-8238-DA4C34E35B0F}.Debug|Any CPU.ActiveCfg = Debug|Any CPU
		{20DB50F4-0D32-4319-8238-DA4C34E35B0F}.Debug|Any CPU.Build.0 = Debug|Any CPU
		{20DB50F4-0D32-4319-8238-DA4C34E35B0F}.Release|Any CPU.ActiveCfg = Release|Any CPU
		{20DB50F4-0D32-4319-8238-DA4C34E35B0F}.Release|Any CPU.Build.0 = Release|Any CPU
		{50BED756-32EB-49D9-8C82-7D974AB8AB01}.Debug|Any CPU.ActiveCfg = Debug|Any CPU
		{50BED756-32EB-49D9-8C82-7D974AB8AB01}.Debug|Any CPU.Build.0 = Debug|Any CPU
		{50BED756-32EB-49D9-8C82-7D974AB8AB01}.Release|Any CPU.ActiveCfg = Release|Any CPU
		{50BED756-32EB-49D9-8C82-7D974AB8AB01}.Release|Any CPU.Build.0 = Release|Any CPU
		{1E1BFAA3-4E70-440A-A391-DA1C74F75274}.Debug|Any CPU.ActiveCfg = Debug|Any CPU
		{1E1BFAA3-4E70-440A-A391-DA1C74F75274}.Debug|Any CPU.Build.0 = Debug|Any CPU
		{1E1BFAA3-4E70-440A-A391-DA1C74F75274}.Release|Any CPU.ActiveCfg = Release|Any CPU
		{1E1BFAA3-4E70-440A-A391-DA1C74F75274}.Release|Any CPU.Build.0 = Release|Any CPU
		{5D799F65-5ABE-4282-B343-2970DBB4C3BC}.Debug|Any CPU.ActiveCfg = Debug|Any CPU
		{5D799F65-5ABE-4282-B343-2970DBB4C3BC}.Debug|Any CPU.Build.0 = Debug|Any CPU
		{5D799F65-5ABE-4282-B343-2970DBB4C3BC}.Release|Any CPU.ActiveCfg = Release|Any CPU
		{5D799F65-5ABE-4282-B343-2970DBB4C3BC}.Release|Any CPU.Build.0 = Release|Any CPU
		{4444FB8E-80F1-4816-93E8-65CAA7D1B6AF}.Debug|Any CPU.ActiveCfg = Debug|Any CPU
		{4444FB8E-80F1-4816-93E8-65CAA7D1B6AF}.Debug|Any CPU.Build.0 = Debug|Any CPU
		{4444FB8E-80F1-4816-93E8-65CAA7D1B6AF}.Release|Any CPU.ActiveCfg = Release|Any CPU
		{4444FB8E-80F1-4816-93E8-65CAA7D1B6AF}.Release|Any CPU.Build.0 = Release|Any CPU
		{D751A81C-9CA1-4092-9BEE-4ADAE0BBA9C3}.Debug|Any CPU.ActiveCfg = Debug|Any CPU
		{D751A81C-9CA1-4092-9BEE-4ADAE0BBA9C3}.Debug|Any CPU.Build.0 = Debug|Any CPU
		{D751A81C-9CA1-4092-9BEE-4ADAE0BBA9C3}.Release|Any CPU.ActiveCfg = Release|Any CPU
		{D751A81C-9CA1-4092-9BEE-4ADAE0BBA9C3}.Release|Any CPU.Build.0 = Release|Any CPU
		{FED59258-BB62-4574-B86C-EF7CF5C396F6}.Debug|Any CPU.ActiveCfg = Debug|Any CPU
		{FED59258-BB62-4574-B86C-EF7CF5C396F6}.Debug|Any CPU.Build.0 = Debug|Any CPU
		{FED59258-BB62-4574-B86C-EF7CF5C396F6}.Release|Any CPU.ActiveCfg = Release|Any CPU
		{FED59258-BB62-4574-B86C-EF7CF5C396F6}.Release|Any CPU.Build.0 = Release|Any CPU
		{031A49AB-2093-440F-883B-3A3F43541E2C}.Debug|Any CPU.ActiveCfg = Debug|Any CPU
		{031A49AB-2093-440F-883B-3A3F43541E2C}.Debug|Any CPU.Build.0 = Debug|Any CPU
		{031A49AB-2093-440F-883B-3A3F43541E2C}.Release|Any CPU.ActiveCfg = Release|Any CPU
		{031A49AB-2093-440F-883B-3A3F43541E2C}.Release|Any CPU.Build.0 = Release|Any CPU
		{1961151E-F8FE-4A97-87AB-9BAF76C30537}.Debug|Any CPU.ActiveCfg = Debug|Any CPU
		{1961151E-F8FE-4A97-87AB-9BAF76C30537}.Debug|Any CPU.Build.0 = Debug|Any CPU
		{1961151E-F8FE-4A97-87AB-9BAF76C30537}.Release|Any CPU.ActiveCfg = Release|Any CPU
		{1961151E-F8FE-4A97-87AB-9BAF76C30537}.Release|Any CPU.Build.0 = Release|Any CPU
		{288EB1BA-21E0-45FF-8951-2A22F648911F}.Debug|Any CPU.ActiveCfg = Debug|Any CPU
		{288EB1BA-21E0-45FF-8951-2A22F648911F}.Debug|Any CPU.Build.0 = Debug|Any CPU
		{288EB1BA-21E0-45FF-8951-2A22F648911F}.Release|Any CPU.ActiveCfg = Release|Any CPU
		{288EB1BA-21E0-45FF-8951-2A22F648911F}.Release|Any CPU.Build.0 = Release|Any CPU
		{A3B92420-49C9-4187-B783-6066A6F24CAC}.Debug|Any CPU.ActiveCfg = Debug|Any CPU
		{A3B92420-49C9-4187-B783-6066A6F24CAC}.Debug|Any CPU.Build.0 = Debug|Any CPU
		{A3B92420-49C9-4187-B783-6066A6F24CAC}.Release|Any CPU.ActiveCfg = Release|Any CPU
		{A3B92420-49C9-4187-B783-6066A6F24CAC}.Release|Any CPU.Build.0 = Release|Any CPU
		{07AB81C6-5049-4AE1-98D8-58CF0A79B99D}.Debug|Any CPU.ActiveCfg = Debug|Any CPU
		{07AB81C6-5049-4AE1-98D8-58CF0A79B99D}.Debug|Any CPU.Build.0 = Debug|Any CPU
		{07AB81C6-5049-4AE1-98D8-58CF0A79B99D}.Release|Any CPU.ActiveCfg = Release|Any CPU
		{07AB81C6-5049-4AE1-98D8-58CF0A79B99D}.Release|Any CPU.Build.0 = Release|Any CPU
		{62C0E750-32F0-483A-82FB-484BB7907B8F}.Debug|Any CPU.ActiveCfg = Debug|Any CPU
		{62C0E750-32F0-483A-82FB-484BB7907B8F}.Debug|Any CPU.Build.0 = Debug|Any CPU
		{62C0E750-32F0-483A-82FB-484BB7907B8F}.Release|Any CPU.ActiveCfg = Release|Any CPU
		{62C0E750-32F0-483A-82FB-484BB7907B8F}.Release|Any CPU.Build.0 = Release|Any CPU
		{07961506-A8F9-4571-BD79-F0192E127874}.Debug|Any CPU.ActiveCfg = Debug|Any CPU
		{07961506-A8F9-4571-BD79-F0192E127874}.Debug|Any CPU.Build.0 = Debug|Any CPU
		{07961506-A8F9-4571-BD79-F0192E127874}.Release|Any CPU.ActiveCfg = Release|Any CPU
		{07961506-A8F9-4571-BD79-F0192E127874}.Release|Any CPU.Build.0 = Release|Any CPU
		{C75CDF77-E132-4E6D-A51A-DC3F44EE870F}.Debug|Any CPU.ActiveCfg = Debug|Any CPU
		{C75CDF77-E132-4E6D-A51A-DC3F44EE870F}.Debug|Any CPU.Build.0 = Debug|Any CPU
		{C75CDF77-E132-4E6D-A51A-DC3F44EE870F}.Release|Any CPU.ActiveCfg = Release|Any CPU
		{C75CDF77-E132-4E6D-A51A-DC3F44EE870F}.Release|Any CPU.Build.0 = Release|Any CPU
		{D7CA3666-6FC0-43A6-AAA1-65B70E8E74EE}.Debug|Any CPU.ActiveCfg = Debug|Any CPU
		{D7CA3666-6FC0-43A6-AAA1-65B70E8E74EE}.Debug|Any CPU.Build.0 = Debug|Any CPU
		{D7CA3666-6FC0-43A6-AAA1-65B70E8E74EE}.Release|Any CPU.ActiveCfg = Release|Any CPU
		{D7CA3666-6FC0-43A6-AAA1-65B70E8E74EE}.Release|Any CPU.Build.0 = Release|Any CPU
		{F36DA023-BD5D-488C-B880-4D561C656A34}.Debug|Any CPU.ActiveCfg = Debug|Any CPU
		{F36DA023-BD5D-488C-B880-4D561C656A34}.Debug|Any CPU.Build.0 = Debug|Any CPU
		{F36DA023-BD5D-488C-B880-4D561C656A34}.Release|Any CPU.ActiveCfg = Release|Any CPU
		{F36DA023-BD5D-488C-B880-4D561C656A34}.Release|Any CPU.Build.0 = Release|Any CPU
		{EA8CEFED-4E30-45E9-94A8-5490C1793F1C}.Debug|Any CPU.ActiveCfg = Debug|Any CPU
		{EA8CEFED-4E30-45E9-94A8-5490C1793F1C}.Debug|Any CPU.Build.0 = Debug|Any CPU
		{EA8CEFED-4E30-45E9-94A8-5490C1793F1C}.Release|Any CPU.ActiveCfg = Release|Any CPU
		{EA8CEFED-4E30-45E9-94A8-5490C1793F1C}.Release|Any CPU.Build.0 = Release|Any CPU
		{3E4D2255-34D0-4D85-B6A2-0BBE6ED905D2}.Debug|Any CPU.ActiveCfg = Debug|Any CPU
		{3E4D2255-34D0-4D85-B6A2-0BBE6ED905D2}.Debug|Any CPU.Build.0 = Debug|Any CPU
		{3E4D2255-34D0-4D85-B6A2-0BBE6ED905D2}.Release|Any CPU.ActiveCfg = Release|Any CPU
		{3E4D2255-34D0-4D85-B6A2-0BBE6ED905D2}.Release|Any CPU.Build.0 = Release|Any CPU
		{CC7BDD01-2DBE-4E47-8227-B8EC357961CD}.Debug|Any CPU.ActiveCfg = Debug|Any CPU
		{CC7BDD01-2DBE-4E47-8227-B8EC357961CD}.Debug|Any CPU.Build.0 = Debug|Any CPU
		{CC7BDD01-2DBE-4E47-8227-B8EC357961CD}.Release|Any CPU.ActiveCfg = Release|Any CPU
		{CC7BDD01-2DBE-4E47-8227-B8EC357961CD}.Release|Any CPU.Build.0 = Release|Any CPU
		{878AF6A7-DADE-43B5-BA2E-84EB33588F03}.Debug|Any CPU.ActiveCfg = Debug|Any CPU
		{878AF6A7-DADE-43B5-BA2E-84EB33588F03}.Debug|Any CPU.Build.0 = Debug|Any CPU
		{878AF6A7-DADE-43B5-BA2E-84EB33588F03}.Release|Any CPU.ActiveCfg = Release|Any CPU
		{878AF6A7-DADE-43B5-BA2E-84EB33588F03}.Release|Any CPU.Build.0 = Release|Any CPU
		{AC5B4E73-9939-43BF-93EA-277F4D72E92D}.Debug|Any CPU.ActiveCfg = Debug|Any CPU
		{AC5B4E73-9939-43BF-93EA-277F4D72E92D}.Debug|Any CPU.Build.0 = Debug|Any CPU
		{AC5B4E73-9939-43BF-93EA-277F4D72E92D}.Release|Any CPU.ActiveCfg = Release|Any CPU
		{AC5B4E73-9939-43BF-93EA-277F4D72E92D}.Release|Any CPU.Build.0 = Release|Any CPU
		{C64E0DD9-5F0D-4777-872E-F33925264FE7}.Debug|Any CPU.ActiveCfg = Debug|Any CPU
		{C64E0DD9-5F0D-4777-872E-F33925264FE7}.Debug|Any CPU.Build.0 = Debug|Any CPU
		{C64E0DD9-5F0D-4777-872E-F33925264FE7}.Release|Any CPU.ActiveCfg = Release|Any CPU
		{C64E0DD9-5F0D-4777-872E-F33925264FE7}.Release|Any CPU.Build.0 = Release|Any CPU
		{F6852FBB-8E6A-4818-8FC0-974E2C0E4DED}.Debug|Any CPU.ActiveCfg = Debug|Any CPU
		{F6852FBB-8E6A-4818-8FC0-974E2C0E4DED}.Debug|Any CPU.Build.0 = Debug|Any CPU
		{F6852FBB-8E6A-4818-8FC0-974E2C0E4DED}.Release|Any CPU.ActiveCfg = Release|Any CPU
		{F6852FBB-8E6A-4818-8FC0-974E2C0E4DED}.Release|Any CPU.Build.0 = Release|Any CPU
		{62A2EB8E-BEF8-48BB-9BFD-3B5F58102D43}.Debug|Any CPU.ActiveCfg = Debug|Any CPU
		{62A2EB8E-BEF8-48BB-9BFD-3B5F58102D43}.Debug|Any CPU.Build.0 = Debug|Any CPU
		{62A2EB8E-BEF8-48BB-9BFD-3B5F58102D43}.Release|Any CPU.ActiveCfg = Release|Any CPU
		{62A2EB8E-BEF8-48BB-9BFD-3B5F58102D43}.Release|Any CPU.Build.0 = Release|Any CPU
		{ABC9E621-9679-4C01-B2C1-347563A69C2B}.Debug|Any CPU.ActiveCfg = Debug|Any CPU
		{ABC9E621-9679-4C01-B2C1-347563A69C2B}.Debug|Any CPU.Build.0 = Debug|Any CPU
		{ABC9E621-9679-4C01-B2C1-347563A69C2B}.Release|Any CPU.ActiveCfg = Release|Any CPU
		{ABC9E621-9679-4C01-B2C1-347563A69C2B}.Release|Any CPU.Build.0 = Release|Any CPU
	EndGlobalSection
	GlobalSection(SolutionProperties) = preSolution
		HideSolutionNode = FALSE
	EndGlobalSection
	GlobalSection(NestedProjects) = preSolution
		{EB6F9B7C-93B3-4E9A-B95A-3B5DA4EA95EF} = {34118D1B-718A-4E4B-988E-55BA8C00754E}
		{0D4C8A92-F48B-4C5B-B1D8-4F9FF29E831C} = {EB6F9B7C-93B3-4E9A-B95A-3B5DA4EA95EF}
		{FD9635E5-D48B-423A-AB67-BA75A5575F00} = {E9AE8038-D3EB-4334-A724-0631251DDE0A}
		{71BE36A3-26AD-4461-8F5B-E3728581FFFB} = {EB6F9B7C-93B3-4E9A-B95A-3B5DA4EA95EF}
		{FEEDAEF6-7C6D-47E5-B2C6-E36391BD12BE} = {34118D1B-718A-4E4B-988E-55BA8C00754E}
		{B6D395AB-5EE7-4B5E-9751-7AB0BA33F032} = {FEEDAEF6-7C6D-47E5-B2C6-E36391BD12BE}
		{950A3566-C2E5-4130-9B9D-AE82A1F4F451} = {FEEDAEF6-7C6D-47E5-B2C6-E36391BD12BE}
		{19112C28-DC5B-4A1C-B28F-2760A73DCB0E} = {FEEDAEF6-7C6D-47E5-B2C6-E36391BD12BE}
		{CAB08EB0-4CB2-4720-AC1B-1525413E07D2} = {FEEDAEF6-7C6D-47E5-B2C6-E36391BD12BE}
		{37B30E5C-CC11-4F04-8222-BCBEE1F220F7} = {CAB08EB0-4CB2-4720-AC1B-1525413E07D2}
		{625E48E6-B15A-444A-B912-70C4940BDB51} = {37B30E5C-CC11-4F04-8222-BCBEE1F220F7}
		{A87FD459-4021-4232-B4EB-0CDFA1DF495B} = {37B30E5C-CC11-4F04-8222-BCBEE1F220F7}
		{5845D9BA-05E5-46A4-97C8-6B82D3DA3927} = {37B30E5C-CC11-4F04-8222-BCBEE1F220F7}
		{B86CD634-42DC-4D52-85DF-1A7CA298376A} = {37B30E5C-CC11-4F04-8222-BCBEE1F220F7}
		{D904118B-BAE8-46D0-B12A-E1C8E9CE3B77} = {B6D395AB-5EE7-4B5E-9751-7AB0BA33F032}
		{97A472D4-ECB8-442E-B8BD-A5E7B121B134} = {B6D395AB-5EE7-4B5E-9751-7AB0BA33F032}
		{4C2C89AE-BA75-4C08-AF9C-3280D9236B20} = {B6D395AB-5EE7-4B5E-9751-7AB0BA33F032}
		{C2BC385F-61A1-47F3-983E-722203D0F03E} = {B6D395AB-5EE7-4B5E-9751-7AB0BA33F032}
		{4C5D935E-2977-4E27-AA23-074FE25A9231} = {19112C28-DC5B-4A1C-B28F-2760A73DCB0E}
		{E8D87DBA-3073-4ADB-9D02-1009F0CC19DC} = {19112C28-DC5B-4A1C-B28F-2760A73DCB0E}
		{40D511E9-67FF-43E7-BB33-949E7DFCED30} = {4C5D935E-2977-4E27-AA23-074FE25A9231}
		{6E2EA1D6-E3FA-4B44-88F3-4F9EC4E48B79} = {4C5D935E-2977-4E27-AA23-074FE25A9231}
		{20DB50F4-0D32-4319-8238-DA4C34E35B0F} = {4C5D935E-2977-4E27-AA23-074FE25A9231}
		{50BED756-32EB-49D9-8C82-7D974AB8AB01} = {4C5D935E-2977-4E27-AA23-074FE25A9231}
		{1E1BFAA3-4E70-440A-A391-DA1C74F75274} = {E8D87DBA-3073-4ADB-9D02-1009F0CC19DC}
		{5D799F65-5ABE-4282-B343-2970DBB4C3BC} = {E8D87DBA-3073-4ADB-9D02-1009F0CC19DC}
		{4444FB8E-80F1-4816-93E8-65CAA7D1B6AF} = {E8D87DBA-3073-4ADB-9D02-1009F0CC19DC}
		{D751A81C-9CA1-4092-9BEE-4ADAE0BBA9C3} = {E8D87DBA-3073-4ADB-9D02-1009F0CC19DC}
		{0AF6CEC3-3E17-4CE8-A156-3615423D0FE1} = {19112C28-DC5B-4A1C-B28F-2760A73DCB0E}
		{FED59258-BB62-4574-B86C-EF7CF5C396F6} = {0AF6CEC3-3E17-4CE8-A156-3615423D0FE1}
		{031A49AB-2093-440F-883B-3A3F43541E2C} = {0AF6CEC3-3E17-4CE8-A156-3615423D0FE1}
		{1961151E-F8FE-4A97-87AB-9BAF76C30537} = {0AF6CEC3-3E17-4CE8-A156-3615423D0FE1}
		{288EB1BA-21E0-45FF-8951-2A22F648911F} = {0AF6CEC3-3E17-4CE8-A156-3615423D0FE1}
		{72C9A7A0-C447-4C75-89FE-C48DFC049B0B} = {CAB08EB0-4CB2-4720-AC1B-1525413E07D2}
		{47CAC15A-0F13-4FF1-B4AD-F0913F558A73} = {CAB08EB0-4CB2-4720-AC1B-1525413E07D2}
		{A3B92420-49C9-4187-B783-6066A6F24CAC} = {47CAC15A-0F13-4FF1-B4AD-F0913F558A73}
		{07AB81C6-5049-4AE1-98D8-58CF0A79B99D} = {47CAC15A-0F13-4FF1-B4AD-F0913F558A73}
		{62C0E750-32F0-483A-82FB-484BB7907B8F} = {47CAC15A-0F13-4FF1-B4AD-F0913F558A73}
		{07961506-A8F9-4571-BD79-F0192E127874} = {72C9A7A0-C447-4C75-89FE-C48DFC049B0B}
		{C75CDF77-E132-4E6D-A51A-DC3F44EE870F} = {72C9A7A0-C447-4C75-89FE-C48DFC049B0B}
		{D7CA3666-6FC0-43A6-AAA1-65B70E8E74EE} = {72C9A7A0-C447-4C75-89FE-C48DFC049B0B}
		{F36DA023-BD5D-488C-B880-4D561C656A34} = {72C9A7A0-C447-4C75-89FE-C48DFC049B0B}
		{EA8CEFED-4E30-45E9-94A8-5490C1793F1C} = {47CAC15A-0F13-4FF1-B4AD-F0913F558A73}
		{78F68404-0FA5-4800-A0F9-9D073E46A3A0} = {950A3566-C2E5-4130-9B9D-AE82A1F4F451}
		{3E4D2255-34D0-4D85-B6A2-0BBE6ED905D2} = {78F68404-0FA5-4800-A0F9-9D073E46A3A0}
		{CC7BDD01-2DBE-4E47-8227-B8EC357961CD} = {78F68404-0FA5-4800-A0F9-9D073E46A3A0}
		{878AF6A7-DADE-43B5-BA2E-84EB33588F03} = {78F68404-0FA5-4800-A0F9-9D073E46A3A0}
		{AC5B4E73-9939-43BF-93EA-277F4D72E92D} = {78F68404-0FA5-4800-A0F9-9D073E46A3A0}
		{C509C853-6D91-4677-BC8D-A5067E717069} = {950A3566-C2E5-4130-9B9D-AE82A1F4F451}
		{C64E0DD9-5F0D-4777-872E-F33925264FE7} = {C509C853-6D91-4677-BC8D-A5067E717069}
		{F6852FBB-8E6A-4818-8FC0-974E2C0E4DED} = {C509C853-6D91-4677-BC8D-A5067E717069}
		{62A2EB8E-BEF8-48BB-9BFD-3B5F58102D43} = {C509C853-6D91-4677-BC8D-A5067E717069}
		{ABC9E621-9679-4C01-B2C1-347563A69C2B} = {C509C853-6D91-4677-BC8D-A5067E717069}
	EndGlobalSection
	GlobalSection(ExtensibilityGlobals) = postSolution
		SolutionGuid = {E896361C-45DE-4985-B253-229CDD5C4D1B}
	EndGlobalSection
EndGlobal
